// !$*UTF8*$!
{
	archiveVersion = 1;
	classes = {
	};
	objectVersion = 50;
	objects = {

/* Begin PBXBuildFile section */
		97435578241086E800F8EB32 /* KBTDismissButton.swift in Sources */ = {isa = PBXBuildFile; fileRef = 97435577241086E800F8EB32 /* KBTDismissButton.swift */; };
		9743557A24109BB100F8EB32 /* Stopwatch.swift in Sources */ = {isa = PBXBuildFile; fileRef = 9743557924109BB100F8EB32 /* Stopwatch.swift */; };
		9743557C24109C8A00F8EB32 /* StopwatchVC.swift in Sources */ = {isa = PBXBuildFile; fileRef = 9743557B24109C8A00F8EB32 /* StopwatchVC.swift */; };
		9743557E2410D1F500F8EB32 /* StopwatchLogCell.swift in Sources */ = {isa = PBXBuildFile; fileRef = 9743557D2410D1F500F8EB32 /* StopwatchLogCell.swift */; };
		974355802411D70800F8EB32 /* StopwatchExtScnDetails.swift in Sources */ = {isa = PBXBuildFile; fileRef = 9743557F2411D70800F8EB32 /* StopwatchExtScnDetails.swift */; };
		9753C22223F0CC650035A514 /* Extensions.swift in Sources */ = {isa = PBXBuildFile; fileRef = 9753C22123F0CC650035A514 /* Extensions.swift */; };
		9753C22423F133C40035A514 /* KBTConstraints.swift in Sources */ = {isa = PBXBuildFile; fileRef = 9753C22323F133C40035A514 /* KBTConstraints.swift */; };
		9753C22623F250960035A514 /* KBTError.swift in Sources */ = {isa = PBXBuildFile; fileRef = 9753C22523F250960035A514 /* KBTError.swift */; };
		9753C22823F663770035A514 /* SettingsVC.swift in Sources */ = {isa = PBXBuildFile; fileRef = 9753C22723F663770035A514 /* SettingsVC.swift */; };
		9753C22C23F695F60035A514 /* InterfaceStyleTVCell.swift in Sources */ = {isa = PBXBuildFile; fileRef = 9753C22B23F695F60035A514 /* InterfaceStyleTVCell.swift */; };
		9753C22E23F8CB730035A514 /* ThemeTVCell.swift in Sources */ = {isa = PBXBuildFile; fileRef = 9753C22D23F8CB730035A514 /* ThemeTVCell.swift */; };
		9753C23423F941520035A514 /* TimerIncrementsTVCell.swift in Sources */ = {isa = PBXBuildFile; fileRef = 9753C23323F941520035A514 /* TimerIncrementsTVCell.swift */; };
		9753C23B23FA49960035A514 /* KBTAlertController.swift in Sources */ = {isa = PBXBuildFile; fileRef = 9753C23A23FA49960035A514 /* KBTAlertController.swift */; };
		9753C23D23FA4A250035A514 /* KBTTitleLabel.swift in Sources */ = {isa = PBXBuildFile; fileRef = 9753C23C23FA4A250035A514 /* KBTTitleLabel.swift */; };
		9753C24023FA6ED80035A514 /* KBTBodyLabel.swift in Sources */ = {isa = PBXBuildFile; fileRef = 9753C23F23FA6ED80035A514 /* KBTBodyLabel.swift */; };
		9753C28023FF4B900035A514 /* ExternalDisplayManager.swift in Sources */ = {isa = PBXBuildFile; fileRef = 9753C27F23FF4B900035A514 /* ExternalDisplayManager.swift */; };
		9753C28623FF8BFC0035A514 /* TimerExtScnDetails.swift in Sources */ = {isa = PBXBuildFile; fileRef = 9753C28523FF8BFC0035A514 /* TimerExtScnDetails.swift */; };
		9753C288240122FB0035A514 /* SoundManager.swift in Sources */ = {isa = PBXBuildFile; fileRef = 9753C287240122FB0035A514 /* SoundManager.swift */; };
		9753C28D24013B530035A514 /* Cartoon Toy Noisemaker Honk 01.wav in Resources */ = {isa = PBXBuildFile; fileRef = 9753C28A24013B530035A514 /* Cartoon Toy Noisemaker Honk 01.wav */; };
		9753C28E24013B530035A514 /* Technology Electronic Cell Phone Ring Tone 03.wav in Resources */ = {isa = PBXBuildFile; fileRef = 9753C28B24013B530035A514 /* Technology Electronic Cell Phone Ring Tone 03.wav */; };
		9753C28F24013B530035A514 /* Cartoon Clown Horn 01.wav in Resources */ = {isa = PBXBuildFile; fileRef = 9753C28C24013B530035A514 /* Cartoon Clown Horn 01.wav */; };
		9753C291240146820035A514 /* AlertSoundTVCell.swift in Sources */ = {isa = PBXBuildFile; fileRef = 9753C290240146820035A514 /* AlertSoundTVCell.swift */; };
		9753C2932401FAE80035A514 /* AlertVolumeTVCell.swift in Sources */ = {isa = PBXBuildFile; fileRef = 9753C2922401FAE80035A514 /* AlertVolumeTVCell.swift */; };
		9753C29524028DAF0035A514 /* KBTSettingsBaseTVCell.swift in Sources */ = {isa = PBXBuildFile; fileRef = 9753C29424028DAF0035A514 /* KBTSettingsBaseTVCell.swift */; };
		9753C2982404EDB20035A514 /* ExternalSceneDelegate.swift in Sources */ = {isa = PBXBuildFile; fileRef = 9753C2972404EDB20035A514 /* ExternalSceneDelegate.swift */; };
		9753C29B2408E9A10035A514 /* KBTBarButton.swift in Sources */ = {isa = PBXBuildFile; fileRef = 9753C29A2408E9A10035A514 /* KBTBarButton.swift */; };
		9753C29D240C9A410035A514 /* TimerExtScnMaster.swift in Sources */ = {isa = PBXBuildFile; fileRef = 9753C29C240C9A410035A514 /* TimerExtScnMaster.swift */; };
		975C25EA23DEBCEF005847FF /* AppDelegate.swift in Sources */ = {isa = PBXBuildFile; fileRef = 975C25E923DEBCEF005847FF /* AppDelegate.swift */; };
		975C25EC23DEBCEF005847FF /* SceneDelegate.swift in Sources */ = {isa = PBXBuildFile; fileRef = 975C25EB23DEBCEF005847FF /* SceneDelegate.swift */; };
		975C25EE23DEBCEF005847FF /* TimersListVC.swift in Sources */ = {isa = PBXBuildFile; fileRef = 975C25ED23DEBCEF005847FF /* TimersListVC.swift */; };
		975C25F323DEBCF1005847FF /* Assets.xcassets in Resources */ = {isa = PBXBuildFile; fileRef = 975C25F223DEBCF1005847FF /* Assets.xcassets */; };
		975C25F623DEBCF1005847FF /* LaunchScreen.storyboard in Resources */ = {isa = PBXBuildFile; fileRef = 975C25F423DEBCF1005847FF /* LaunchScreen.storyboard */; };
		975C260023DEC493005847FF /* TimerCell.swift in Sources */ = {isa = PBXBuildFile; fileRef = 975C25FE23DEC493005847FF /* TimerCell.swift */; };
		975C260123DEC493005847FF /* KBTDigitDisplayLabel.swift in Sources */ = {isa = PBXBuildFile; fileRef = 975C25FF23DEC493005847FF /* KBTDigitDisplayLabel.swift */; };
		975C260623DFA8C5005847FF /* TimerTask.swift in Sources */ = {isa = PBXBuildFile; fileRef = 975C260523DFA8C5005847FF /* TimerTask.swift */; };
		975C260923DFBC2B005847FF /* TimersList.swift in Sources */ = {isa = PBXBuildFile; fileRef = 975C260823DFBC2B005847FF /* TimersList.swift */; };
		975C260B23DFF6F4005847FF /* Constants.swift in Sources */ = {isa = PBXBuildFile; fileRef = 975C260A23DFF6F4005847FF /* Constants.swift */; };
		975D929C23E100AD000CE57D /* TimerVC.swift in Sources */ = {isa = PBXBuildFile; fileRef = 975D929B23E100AD000CE57D /* TimerVC.swift */; };
		975D929E23E160EF000CE57D /* KBTButton.swift in Sources */ = {isa = PBXBuildFile; fileRef = 975D929D23E160EF000CE57D /* KBTButton.swift */; };
		975D92A223E2957C000CE57D /* KBTCircularButton.swift in Sources */ = {isa = PBXBuildFile; fileRef = 975D92A123E2957C000CE57D /* KBTCircularButton.swift */; };
		975D92A623E401AC000CE57D /* Settings.swift in Sources */ = {isa = PBXBuildFile; fileRef = 975D92A523E401AC000CE57D /* Settings.swift */; };
		975D92B523EBD78F000CE57D /* AddNewTimerVC.swift in Sources */ = {isa = PBXBuildFile; fileRef = 975D92B423EBD78F000CE57D /* AddNewTimerVC.swift */; };
/* End PBXBuildFile section */

/* Begin PBXFileReference section */
		97435577241086E800F8EB32 /* KBTDismissButton.swift */ = {isa = PBXFileReference; lastKnownFileType = sourcecode.swift; path = KBTDismissButton.swift; sourceTree = "<group>"; };
		9743557924109BB100F8EB32 /* Stopwatch.swift */ = {isa = PBXFileReference; fileEncoding = 4; lastKnownFileType = sourcecode.swift; path = Stopwatch.swift; sourceTree = "<group>"; };
		9743557B24109C8A00F8EB32 /* StopwatchVC.swift */ = {isa = PBXFileReference; lastKnownFileType = sourcecode.swift; path = StopwatchVC.swift; sourceTree = "<group>"; };
		9743557D2410D1F500F8EB32 /* StopwatchLogCell.swift */ = {isa = PBXFileReference; lastKnownFileType = sourcecode.swift; path = StopwatchLogCell.swift; sourceTree = "<group>"; };
		9743557F2411D70800F8EB32 /* StopwatchExtScnDetails.swift */ = {isa = PBXFileReference; lastKnownFileType = sourcecode.swift; path = StopwatchExtScnDetails.swift; sourceTree = "<group>"; };
		9753C22123F0CC650035A514 /* Extensions.swift */ = {isa = PBXFileReference; lastKnownFileType = sourcecode.swift; path = Extensions.swift; sourceTree = "<group>"; };
		9753C22323F133C40035A514 /* KBTConstraints.swift */ = {isa = PBXFileReference; lastKnownFileType = sourcecode.swift; path = KBTConstraints.swift; sourceTree = "<group>"; };
		9753C22523F250960035A514 /* KBTError.swift */ = {isa = PBXFileReference; lastKnownFileType = sourcecode.swift; path = KBTError.swift; sourceTree = "<group>"; };
		9753C22723F663770035A514 /* SettingsVC.swift */ = {isa = PBXFileReference; lastKnownFileType = sourcecode.swift; path = SettingsVC.swift; sourceTree = "<group>"; };
		9753C22B23F695F60035A514 /* InterfaceStyleTVCell.swift */ = {isa = PBXFileReference; lastKnownFileType = sourcecode.swift; path = InterfaceStyleTVCell.swift; sourceTree = "<group>"; };
		9753C22D23F8CB730035A514 /* ThemeTVCell.swift */ = {isa = PBXFileReference; lastKnownFileType = sourcecode.swift; path = ThemeTVCell.swift; sourceTree = "<group>"; };
		9753C23323F941520035A514 /* TimerIncrementsTVCell.swift */ = {isa = PBXFileReference; lastKnownFileType = sourcecode.swift; path = TimerIncrementsTVCell.swift; sourceTree = "<group>"; };
		9753C23A23FA49960035A514 /* KBTAlertController.swift */ = {isa = PBXFileReference; lastKnownFileType = sourcecode.swift; path = KBTAlertController.swift; sourceTree = "<group>"; };
		9753C23C23FA4A250035A514 /* KBTTitleLabel.swift */ = {isa = PBXFileReference; lastKnownFileType = sourcecode.swift; path = KBTTitleLabel.swift; sourceTree = "<group>"; };
		9753C23F23FA6ED80035A514 /* KBTBodyLabel.swift */ = {isa = PBXFileReference; lastKnownFileType = sourcecode.swift; path = KBTBodyLabel.swift; sourceTree = "<group>"; };
		9753C27F23FF4B900035A514 /* ExternalDisplayManager.swift */ = {isa = PBXFileReference; lastKnownFileType = sourcecode.swift; path = ExternalDisplayManager.swift; sourceTree = "<group>"; };
		9753C28523FF8BFC0035A514 /* TimerExtScnDetails.swift */ = {isa = PBXFileReference; lastKnownFileType = sourcecode.swift; path = TimerExtScnDetails.swift; sourceTree = "<group>"; };
		9753C287240122FB0035A514 /* SoundManager.swift */ = {isa = PBXFileReference; lastKnownFileType = sourcecode.swift; path = SoundManager.swift; sourceTree = "<group>"; };
		9753C28A24013B530035A514 /* Cartoon Toy Noisemaker Honk 01.wav */ = {isa = PBXFileReference; lastKnownFileType = audio.wav; path = "Cartoon Toy Noisemaker Honk 01.wav"; sourceTree = "<group>"; };
		9753C28B24013B530035A514 /* Technology Electronic Cell Phone Ring Tone 03.wav */ = {isa = PBXFileReference; lastKnownFileType = audio.wav; path = "Technology Electronic Cell Phone Ring Tone 03.wav"; sourceTree = "<group>"; };
		9753C28C24013B530035A514 /* Cartoon Clown Horn 01.wav */ = {isa = PBXFileReference; lastKnownFileType = audio.wav; path = "Cartoon Clown Horn 01.wav"; sourceTree = "<group>"; };
		9753C290240146820035A514 /* AlertSoundTVCell.swift */ = {isa = PBXFileReference; lastKnownFileType = sourcecode.swift; path = AlertSoundTVCell.swift; sourceTree = "<group>"; };
		9753C2922401FAE80035A514 /* AlertVolumeTVCell.swift */ = {isa = PBXFileReference; lastKnownFileType = sourcecode.swift; path = AlertVolumeTVCell.swift; sourceTree = "<group>"; };
		9753C29424028DAF0035A514 /* KBTSettingsBaseTVCell.swift */ = {isa = PBXFileReference; lastKnownFileType = sourcecode.swift; path = KBTSettingsBaseTVCell.swift; sourceTree = "<group>"; };
		9753C2972404EDB20035A514 /* ExternalSceneDelegate.swift */ = {isa = PBXFileReference; lastKnownFileType = sourcecode.swift; path = ExternalSceneDelegate.swift; sourceTree = "<group>"; };
		9753C29A2408E9A10035A514 /* KBTBarButton.swift */ = {isa = PBXFileReference; lastKnownFileType = sourcecode.swift; path = KBTBarButton.swift; sourceTree = "<group>"; };
		9753C29C240C9A410035A514 /* TimerExtScnMaster.swift */ = {isa = PBXFileReference; lastKnownFileType = sourcecode.swift; path = TimerExtScnMaster.swift; sourceTree = "<group>"; };
		975C25E623DEBCEF005847FF /* Kabetsu.app */ = {isa = PBXFileReference; explicitFileType = wrapper.application; includeInIndex = 0; path = Kabetsu.app; sourceTree = BUILT_PRODUCTS_DIR; };
		975C25E923DEBCEF005847FF /* AppDelegate.swift */ = {isa = PBXFileReference; lastKnownFileType = sourcecode.swift; path = AppDelegate.swift; sourceTree = "<group>"; };
		975C25EB23DEBCEF005847FF /* SceneDelegate.swift */ = {isa = PBXFileReference; lastKnownFileType = sourcecode.swift; path = SceneDelegate.swift; sourceTree = "<group>"; };
		975C25ED23DEBCEF005847FF /* TimersListVC.swift */ = {isa = PBXFileReference; lastKnownFileType = sourcecode.swift; path = TimersListVC.swift; sourceTree = "<group>"; };
		975C25F223DEBCF1005847FF /* Assets.xcassets */ = {isa = PBXFileReference; lastKnownFileType = folder.assetcatalog; path = Assets.xcassets; sourceTree = "<group>"; };
		975C25F523DEBCF1005847FF /* Base */ = {isa = PBXFileReference; lastKnownFileType = file.storyboard; name = Base; path = Base.lproj/LaunchScreen.storyboard; sourceTree = "<group>"; };
		975C25F723DEBCF1005847FF /* Info.plist */ = {isa = PBXFileReference; lastKnownFileType = text.plist.xml; path = Info.plist; sourceTree = "<group>"; };
		975C25FE23DEC493005847FF /* TimerCell.swift */ = {isa = PBXFileReference; fileEncoding = 4; lastKnownFileType = sourcecode.swift; path = TimerCell.swift; sourceTree = "<group>"; };
		975C25FF23DEC493005847FF /* KBTDigitDisplayLabel.swift */ = {isa = PBXFileReference; fileEncoding = 4; lastKnownFileType = sourcecode.swift; path = KBTDigitDisplayLabel.swift; sourceTree = "<group>"; };
		975C260523DFA8C5005847FF /* TimerTask.swift */ = {isa = PBXFileReference; lastKnownFileType = sourcecode.swift; path = TimerTask.swift; sourceTree = "<group>"; };
		975C260823DFBC2B005847FF /* TimersList.swift */ = {isa = PBXFileReference; lastKnownFileType = sourcecode.swift; path = TimersList.swift; sourceTree = "<group>"; };
		975C260A23DFF6F4005847FF /* Constants.swift */ = {isa = PBXFileReference; lastKnownFileType = sourcecode.swift; path = Constants.swift; sourceTree = "<group>"; };
		975D929B23E100AD000CE57D /* TimerVC.swift */ = {isa = PBXFileReference; lastKnownFileType = sourcecode.swift; path = TimerVC.swift; sourceTree = "<group>"; };
		975D929D23E160EF000CE57D /* KBTButton.swift */ = {isa = PBXFileReference; lastKnownFileType = sourcecode.swift; path = KBTButton.swift; sourceTree = "<group>"; };
		975D92A123E2957C000CE57D /* KBTCircularButton.swift */ = {isa = PBXFileReference; lastKnownFileType = sourcecode.swift; path = KBTCircularButton.swift; sourceTree = "<group>"; };
		975D92A523E401AC000CE57D /* Settings.swift */ = {isa = PBXFileReference; lastKnownFileType = sourcecode.swift; path = Settings.swift; sourceTree = "<group>"; };
		975D92B423EBD78F000CE57D /* AddNewTimerVC.swift */ = {isa = PBXFileReference; lastKnownFileType = sourcecode.swift; path = AddNewTimerVC.swift; sourceTree = "<group>"; };
/* End PBXFileReference section */

/* Begin PBXFrameworksBuildPhase section */
		975C25E323DEBCEF005847FF /* Frameworks */ = {
			isa = PBXFrameworksBuildPhase;
			buildActionMask = 2147483647;
			files = (
			);
			runOnlyForDeploymentPostprocessing = 0;
		};
/* End PBXFrameworksBuildPhase section */

/* Begin PBXGroup section */
		974355812411D71100F8EB32 /* Stopwatch */ = {
			isa = PBXGroup;
			children = (
				9743557B24109C8A00F8EB32 /* StopwatchVC.swift */,
				9743557F2411D70800F8EB32 /* StopwatchExtScnDetails.swift */,
			);
			path = Stopwatch;
			sourceTree = "<group>";
		};
		9753C23823FA496F0035A514 /* ImageViews */ = {
			isa = PBXGroup;
			children = (
			);
			path = ImageViews;
			sourceTree = "<group>";
		};
		9753C23923FA49810035A514 /* Controllers */ = {
			isa = PBXGroup;
			children = (
				9753C23A23FA49960035A514 /* KBTAlertController.swift */,
			);
			path = Controllers;
			sourceTree = "<group>";
		};
		9753C23E23FA57560035A514 /* Managers */ = {
			isa = PBXGroup;
			children = (
				9753C27F23FF4B900035A514 /* ExternalDisplayManager.swift */,
				9753C287240122FB0035A514 /* SoundManager.swift */,
			);
			path = Managers;
			sourceTree = "<group>";
		};
		9753C28924013B3F0035A514 /* SoundFiles */ = {
			isa = PBXGroup;
			children = (
				9753C28C24013B530035A514 /* Cartoon Clown Horn 01.wav */,
				9753C28A24013B530035A514 /* Cartoon Toy Noisemaker Honk 01.wav */,
				9753C28B24013B530035A514 /* Technology Electronic Cell Phone Ring Tone 03.wav */,
			);
			path = SoundFiles;
			sourceTree = "<group>";
		};
		9753C296240299EA0035A514 /* Settings */ = {
			isa = PBXGroup;
			children = (
				9753C29424028DAF0035A514 /* KBTSettingsBaseTVCell.swift */,
				9753C22B23F695F60035A514 /* InterfaceStyleTVCell.swift */,
				9753C22D23F8CB730035A514 /* ThemeTVCell.swift */,
				9753C23323F941520035A514 /* TimerIncrementsTVCell.swift */,
				9753C2922401FAE80035A514 /* AlertVolumeTVCell.swift */,
				9753C290240146820035A514 /* AlertSoundTVCell.swift */,
			);
			path = Settings;
			sourceTree = "<group>";
		};
		9753C2992408866B0035A514 /* Timer */ = {
			isa = PBXGroup;
			children = (
				9753C28523FF8BFC0035A514 /* TimerExtScnDetails.swift */,
				9753C29C240C9A410035A514 /* TimerExtScnMaster.swift */,
				975D929B23E100AD000CE57D /* TimerVC.swift */,
			);
			path = Timer;
			sourceTree = "<group>";
		};
		975C25DD23DEBCEF005847FF = {
			isa = PBXGroup;
			children = (
				975C25E823DEBCEF005847FF /* Kabetsu */,
				975C25E723DEBCEF005847FF /* Products */,
			);
			sourceTree = "<group>";
		};
		975C25E723DEBCEF005847FF /* Products */ = {
			isa = PBXGroup;
			children = (
				975C25E623DEBCEF005847FF /* Kabetsu.app */,
			);
			name = Products;
			sourceTree = "<group>";
		};
		975C25E823DEBCEF005847FF /* Kabetsu */ = {
			isa = PBXGroup;
			children = (
				9753C28924013B3F0035A514 /* SoundFiles */,
				9753C23E23FA57560035A514 /* Managers */,
				975C260C23DFF716005847FF /* Utilities */,
				975C260723DFBBEF005847FF /* Screens */,
				975C260423DFA884005847FF /* Model */,
				975C260223DEC49A005847FF /* CustomUI */,
				975C25FD23DEBD8E005847FF /* SupportingFiles */,
				975C25F223DEBCF1005847FF /* Assets.xcassets */,
				975C25F723DEBCF1005847FF /* Info.plist */,
			);
			path = Kabetsu;
			sourceTree = "<group>";
		};
		975C25FD23DEBD8E005847FF /* SupportingFiles */ = {
			isa = PBXGroup;
			children = (
				975C25F423DEBCF1005847FF /* LaunchScreen.storyboard */,
				975C25E923DEBCEF005847FF /* AppDelegate.swift */,
				975C25EB23DEBCEF005847FF /* SceneDelegate.swift */,
				9753C2972404EDB20035A514 /* ExternalSceneDelegate.swift */,
			);
			path = SupportingFiles;
			sourceTree = "<group>";
		};
		975C260223DEC49A005847FF /* CustomUI */ = {
			isa = PBXGroup;
			children = (
				9753C23923FA49810035A514 /* Controllers */,
				9753C23823FA496F0035A514 /* ImageViews */,
				975D92A423E295E7000CE57D /* Labels */,
				975D92A323E295D2000CE57D /* Buttons */,
				975C260323DEC4AC005847FF /* Cells */,
			);
			path = CustomUI;
			sourceTree = "<group>";
		};
		975C260323DEC4AC005847FF /* Cells */ = {
			isa = PBXGroup;
			children = (
				9753C296240299EA0035A514 /* Settings */,
				975C25FE23DEC493005847FF /* TimerCell.swift */,
				9743557D2410D1F500F8EB32 /* StopwatchLogCell.swift */,
			);
			path = Cells;
			sourceTree = "<group>";
		};
		975C260423DFA884005847FF /* Model */ = {
			isa = PBXGroup;
			children = (
				9743557924109BB100F8EB32 /* Stopwatch.swift */,
				975C260823DFBC2B005847FF /* TimersList.swift */,
				975C260523DFA8C5005847FF /* TimerTask.swift */,
				975D92A523E401AC000CE57D /* Settings.swift */,
			);
			path = Model;
			sourceTree = "<group>";
		};
		975C260723DFBBEF005847FF /* Screens */ = {
			isa = PBXGroup;
			children = (
				9753C2992408866B0035A514 /* Timer */,
				975C25ED23DEBCEF005847FF /* TimersListVC.swift */,
				975D92B423EBD78F000CE57D /* AddNewTimerVC.swift */,
				9753C22723F663770035A514 /* SettingsVC.swift */,
				974355812411D71100F8EB32 /* Stopwatch */,
			);
			path = Screens;
			sourceTree = "<group>";
		};
		975C260C23DFF716005847FF /* Utilities */ = {
			isa = PBXGroup;
			children = (
				975C260A23DFF6F4005847FF /* Constants.swift */,
				9753C22123F0CC650035A514 /* Extensions.swift */,
				9753C22323F133C40035A514 /* KBTConstraints.swift */,
				9753C22523F250960035A514 /* KBTError.swift */,
			);
			path = Utilities;
			sourceTree = "<group>";
		};
		975D92A323E295D2000CE57D /* Buttons */ = {
			isa = PBXGroup;
			children = (
				975D929D23E160EF000CE57D /* KBTButton.swift */,
				975D92A123E2957C000CE57D /* KBTCircularButton.swift */,
				9753C29A2408E9A10035A514 /* KBTBarButton.swift */,
				97435577241086E800F8EB32 /* KBTDismissButton.swift */,
			);
			path = Buttons;
			sourceTree = "<group>";
		};
		975D92A423E295E7000CE57D /* Labels */ = {
			isa = PBXGroup;
			children = (
				975C25FF23DEC493005847FF /* KBTDigitDisplayLabel.swift */,
				9753C23C23FA4A250035A514 /* KBTTitleLabel.swift */,
				9753C23F23FA6ED80035A514 /* KBTBodyLabel.swift */,
			);
			path = Labels;
			sourceTree = "<group>";
		};
/* End PBXGroup section */

/* Begin PBXNativeTarget section */
		975C25E523DEBCEF005847FF /* Kabetsu */ = {
			isa = PBXNativeTarget;
			buildConfigurationList = 975C25FA23DEBCF1005847FF /* Build configuration list for PBXNativeTarget "Kabetsu" */;
			buildPhases = (
				975C25E223DEBCEF005847FF /* Sources */,
				975C25E323DEBCEF005847FF /* Frameworks */,
				975C25E423DEBCEF005847FF /* Resources */,
			);
			buildRules = (
			);
			dependencies = (
			);
			name = Kabetsu;
			productName = Kabetsu;
			productReference = 975C25E623DEBCEF005847FF /* Kabetsu.app */;
			productType = "com.apple.product-type.application";
		};
/* End PBXNativeTarget section */

/* Begin PBXProject section */
		975C25DE23DEBCEF005847FF /* Project object */ = {
			isa = PBXProject;
			attributes = {
				LastSwiftUpdateCheck = 1130;
				LastUpgradeCheck = 1130;
				ORGANIZATIONNAME = "Hai Long Danny Thi";
				TargetAttributes = {
					975C25E523DEBCEF005847FF = {
						CreatedOnToolsVersion = 11.3.1;
					};
				};
			};
			buildConfigurationList = 975C25E123DEBCEF005847FF /* Build configuration list for PBXProject "Kabetsu" */;
			compatibilityVersion = "Xcode 9.3";
			developmentRegion = en;
			hasScannedForEncodings = 0;
			knownRegions = (
				en,
				Base,
			);
			mainGroup = 975C25DD23DEBCEF005847FF;
			productRefGroup = 975C25E723DEBCEF005847FF /* Products */;
			projectDirPath = "";
			projectRoot = "";
			targets = (
				975C25E523DEBCEF005847FF /* Kabetsu */,
			);
		};
/* End PBXProject section */

/* Begin PBXResourcesBuildPhase section */
		975C25E423DEBCEF005847FF /* Resources */ = {
			isa = PBXResourcesBuildPhase;
			buildActionMask = 2147483647;
			files = (
				9753C28E24013B530035A514 /* Technology Electronic Cell Phone Ring Tone 03.wav in Resources */,
				9753C28D24013B530035A514 /* Cartoon Toy Noisemaker Honk 01.wav in Resources */,
				975C25F623DEBCF1005847FF /* LaunchScreen.storyboard in Resources */,
				9753C28F24013B530035A514 /* Cartoon Clown Horn 01.wav in Resources */,
				975C25F323DEBCF1005847FF /* Assets.xcassets in Resources */,
			);
			runOnlyForDeploymentPostprocessing = 0;
		};
/* End PBXResourcesBuildPhase section */

/* Begin PBXSourcesBuildPhase section */
		975C25E223DEBCEF005847FF /* Sources */ = {
			isa = PBXSourcesBuildPhase;
			buildActionMask = 2147483647;
			files = (
				97435578241086E800F8EB32 /* KBTDismissButton.swift in Sources */,
				9753C22823F663770035A514 /* SettingsVC.swift in Sources */,
				975D92B523EBD78F000CE57D /* AddNewTimerVC.swift in Sources */,
				9753C2982404EDB20035A514 /* ExternalSceneDelegate.swift in Sources */,
				9753C28623FF8BFC0035A514 /* TimerExtScnDetails.swift in Sources */,
				9743557A24109BB100F8EB32 /* Stopwatch.swift in Sources */,
				9753C28023FF4B900035A514 /* ExternalDisplayManager.swift in Sources */,
				9753C23B23FA49960035A514 /* KBTAlertController.swift in Sources */,
				9743557E2410D1F500F8EB32 /* StopwatchLogCell.swift in Sources */,
				975C260623DFA8C5005847FF /* TimerTask.swift in Sources */,
				9743557C24109C8A00F8EB32 /* StopwatchVC.swift in Sources */,
				975C260123DEC493005847FF /* KBTDigitDisplayLabel.swift in Sources */,
				9753C22E23F8CB730035A514 /* ThemeTVCell.swift in Sources */,
				9753C24023FA6ED80035A514 /* KBTBodyLabel.swift in Sources */,
				9753C291240146820035A514 /* AlertSoundTVCell.swift in Sources */,
				975C260923DFBC2B005847FF /* TimersList.swift in Sources */,
				974355802411D70800F8EB32 /* StopwatchExtScnDetails.swift in Sources */,
				9753C22623F250960035A514 /* KBTError.swift in Sources */,
				9753C23D23FA4A250035A514 /* KBTTitleLabel.swift in Sources */,
				975C260B23DFF6F4005847FF /* Constants.swift in Sources */,
				975D929C23E100AD000CE57D /* TimerVC.swift in Sources */,
				9753C2932401FAE80035A514 /* AlertVolumeTVCell.swift in Sources */,
				9753C23423F941520035A514 /* TimerIncrementsTVCell.swift in Sources */,
				975C25EE23DEBCEF005847FF /* TimersListVC.swift in Sources */,
				9753C29524028DAF0035A514 /* KBTSettingsBaseTVCell.swift in Sources */,
				9753C22423F133C40035A514 /* KBTConstraints.swift in Sources */,
				975D92A623E401AC000CE57D /* Settings.swift in Sources */,
				975C260023DEC493005847FF /* TimerCell.swift in Sources */,
				9753C29D240C9A410035A514 /* TimerExtScnMaster.swift in Sources */,
				9753C22C23F695F60035A514 /* InterfaceStyleTVCell.swift in Sources */,
				975C25EA23DEBCEF005847FF /* AppDelegate.swift in Sources */,
				975C25EC23DEBCEF005847FF /* SceneDelegate.swift in Sources */,
				975D929E23E160EF000CE57D /* KBTButton.swift in Sources */,
				975D92A223E2957C000CE57D /* KBTCircularButton.swift in Sources */,
				9753C22223F0CC650035A514 /* Extensions.swift in Sources */,
				9753C288240122FB0035A514 /* SoundManager.swift in Sources */,
				9753C29B2408E9A10035A514 /* KBTBarButton.swift in Sources */,
			);
			runOnlyForDeploymentPostprocessing = 0;
		};
/* End PBXSourcesBuildPhase section */

/* Begin PBXVariantGroup section */
		975C25F423DEBCF1005847FF /* LaunchScreen.storyboard */ = {
			isa = PBXVariantGroup;
			children = (
				975C25F523DEBCF1005847FF /* Base */,
			);
			name = LaunchScreen.storyboard;
			sourceTree = "<group>";
		};
/* End PBXVariantGroup section */

/* Begin XCBuildConfiguration section */
		975C25F823DEBCF1005847FF /* Debug */ = {
			isa = XCBuildConfiguration;
			buildSettings = {
				ALWAYS_SEARCH_USER_PATHS = NO;
				CLANG_ANALYZER_NONNULL = YES;
				CLANG_ANALYZER_NUMBER_OBJECT_CONVERSION = YES_AGGRESSIVE;
				CLANG_CXX_LANGUAGE_STANDARD = "gnu++14";
				CLANG_CXX_LIBRARY = "libc++";
				CLANG_ENABLE_MODULES = YES;
				CLANG_ENABLE_OBJC_ARC = YES;
				CLANG_ENABLE_OBJC_WEAK = YES;
				CLANG_WARN_BLOCK_CAPTURE_AUTORELEASING = YES;
				CLANG_WARN_BOOL_CONVERSION = YES;
				CLANG_WARN_COMMA = YES;
				CLANG_WARN_CONSTANT_CONVERSION = YES;
				CLANG_WARN_DEPRECATED_OBJC_IMPLEMENTATIONS = YES;
				CLANG_WARN_DIRECT_OBJC_ISA_USAGE = YES_ERROR;
				CLANG_WARN_DOCUMENTATION_COMMENTS = YES;
				CLANG_WARN_EMPTY_BODY = YES;
				CLANG_WARN_ENUM_CONVERSION = YES;
				CLANG_WARN_INFINITE_RECURSION = YES;
				CLANG_WARN_INT_CONVERSION = YES;
				CLANG_WARN_NON_LITERAL_NULL_CONVERSION = YES;
				CLANG_WARN_OBJC_IMPLICIT_RETAIN_SELF = YES;
				CLANG_WARN_OBJC_LITERAL_CONVERSION = YES;
				CLANG_WARN_OBJC_ROOT_CLASS = YES_ERROR;
				CLANG_WARN_RANGE_LOOP_ANALYSIS = YES;
				CLANG_WARN_STRICT_PROTOTYPES = YES;
				CLANG_WARN_SUSPICIOUS_MOVE = YES;
				CLANG_WARN_UNGUARDED_AVAILABILITY = YES_AGGRESSIVE;
				CLANG_WARN_UNREACHABLE_CODE = YES;
				CLANG_WARN__DUPLICATE_METHOD_MATCH = YES;
				COPY_PHASE_STRIP = NO;
				DEBUG_INFORMATION_FORMAT = dwarf;
				ENABLE_STRICT_OBJC_MSGSEND = YES;
				ENABLE_TESTABILITY = YES;
				GCC_C_LANGUAGE_STANDARD = gnu11;
				GCC_DYNAMIC_NO_PIC = NO;
				GCC_NO_COMMON_BLOCKS = YES;
				GCC_OPTIMIZATION_LEVEL = 0;
				GCC_PREPROCESSOR_DEFINITIONS = (
					"DEBUG=1",
					"$(inherited)",
				);
				GCC_WARN_64_TO_32_BIT_CONVERSION = YES;
				GCC_WARN_ABOUT_RETURN_TYPE = YES_ERROR;
				GCC_WARN_UNDECLARED_SELECTOR = YES;
				GCC_WARN_UNINITIALIZED_AUTOS = YES_AGGRESSIVE;
				GCC_WARN_UNUSED_FUNCTION = YES;
				GCC_WARN_UNUSED_VARIABLE = YES;
				IPHONEOS_DEPLOYMENT_TARGET = 13.2;
				MTL_ENABLE_DEBUG_INFO = INCLUDE_SOURCE;
				MTL_FAST_MATH = YES;
				ONLY_ACTIVE_ARCH = YES;
				SDKROOT = iphoneos;
				SWIFT_ACTIVE_COMPILATION_CONDITIONS = DEBUG;
				SWIFT_OPTIMIZATION_LEVEL = "-Onone";
			};
			name = Debug;
		};
		975C25F923DEBCF1005847FF /* Release */ = {
			isa = XCBuildConfiguration;
			buildSettings = {
				ALWAYS_SEARCH_USER_PATHS = NO;
				CLANG_ANALYZER_NONNULL = YES;
				CLANG_ANALYZER_NUMBER_OBJECT_CONVERSION = YES_AGGRESSIVE;
				CLANG_CXX_LANGUAGE_STANDARD = "gnu++14";
				CLANG_CXX_LIBRARY = "libc++";
				CLANG_ENABLE_MODULES = YES;
				CLANG_ENABLE_OBJC_ARC = YES;
				CLANG_ENABLE_OBJC_WEAK = YES;
				CLANG_WARN_BLOCK_CAPTURE_AUTORELEASING = YES;
				CLANG_WARN_BOOL_CONVERSION = YES;
				CLANG_WARN_COMMA = YES;
				CLANG_WARN_CONSTANT_CONVERSION = YES;
				CLANG_WARN_DEPRECATED_OBJC_IMPLEMENTATIONS = YES;
				CLANG_WARN_DIRECT_OBJC_ISA_USAGE = YES_ERROR;
				CLANG_WARN_DOCUMENTATION_COMMENTS = YES;
				CLANG_WARN_EMPTY_BODY = YES;
				CLANG_WARN_ENUM_CONVERSION = YES;
				CLANG_WARN_INFINITE_RECURSION = YES;
				CLANG_WARN_INT_CONVERSION = YES;
				CLANG_WARN_NON_LITERAL_NULL_CONVERSION = YES;
				CLANG_WARN_OBJC_IMPLICIT_RETAIN_SELF = YES;
				CLANG_WARN_OBJC_LITERAL_CONVERSION = YES;
				CLANG_WARN_OBJC_ROOT_CLASS = YES_ERROR;
				CLANG_WARN_RANGE_LOOP_ANALYSIS = YES;
				CLANG_WARN_STRICT_PROTOTYPES = YES;
				CLANG_WARN_SUSPICIOUS_MOVE = YES;
				CLANG_WARN_UNGUARDED_AVAILABILITY = YES_AGGRESSIVE;
				CLANG_WARN_UNREACHABLE_CODE = YES;
				CLANG_WARN__DUPLICATE_METHOD_MATCH = YES;
				COPY_PHASE_STRIP = NO;
				DEBUG_INFORMATION_FORMAT = "dwarf-with-dsym";
				ENABLE_NS_ASSERTIONS = NO;
				ENABLE_STRICT_OBJC_MSGSEND = YES;
				GCC_C_LANGUAGE_STANDARD = gnu11;
				GCC_NO_COMMON_BLOCKS = YES;
				GCC_WARN_64_TO_32_BIT_CONVERSION = YES;
				GCC_WARN_ABOUT_RETURN_TYPE = YES_ERROR;
				GCC_WARN_UNDECLARED_SELECTOR = YES;
				GCC_WARN_UNINITIALIZED_AUTOS = YES_AGGRESSIVE;
				GCC_WARN_UNUSED_FUNCTION = YES;
				GCC_WARN_UNUSED_VARIABLE = YES;
				IPHONEOS_DEPLOYMENT_TARGET = 13.2;
				MTL_ENABLE_DEBUG_INFO = NO;
				MTL_FAST_MATH = YES;
				SDKROOT = iphoneos;
				SWIFT_COMPILATION_MODE = wholemodule;
				SWIFT_OPTIMIZATION_LEVEL = "-O";
				VALIDATE_PRODUCT = YES;
			};
			name = Release;
		};
		975C25FB23DEBCF1005847FF /* Debug */ = {
			isa = XCBuildConfiguration;
			buildSettings = {
				ASSETCATALOG_COMPILER_APPICON_NAME = AppIcon;
				CODE_SIGN_STYLE = Automatic;
				DEVELOPMENT_TEAM = SE8477RD2K;
				INFOPLIST_FILE = Kabetsu/Info.plist;
				LD_RUNPATH_SEARCH_PATHS = (
					"$(inherited)",
					"@executable_path/Frameworks",
				);
				MARKETING_VERSION = 1.011;
				PRODUCT_BUNDLE_IDENTIFIER = com.HaiLongDannyThi.Kabetsu;
				PRODUCT_NAME = "$(TARGET_NAME)";
				SWIFT_VERSION = 5.0;
				TARGETED_DEVICE_FAMILY = "1,2";
			};
			name = Debug;
		};
		975C25FC23DEBCF1005847FF /* Release */ = {
			isa = XCBuildConfiguration;
			buildSettings = {
				ASSETCATALOG_COMPILER_APPICON_NAME = AppIcon;
				CODE_SIGN_STYLE = Automatic;
				DEVELOPMENT_TEAM = SE8477RD2K;
				INFOPLIST_FILE = Kabetsu/Info.plist;
				LD_RUNPATH_SEARCH_PATHS = (
					"$(inherited)",
					"@executable_path/Frameworks",
				);
				MARKETING_VERSION = 1.011;
				PRODUCT_BUNDLE_IDENTIFIER = com.HaiLongDannyThi.Kabetsu;
				PRODUCT_NAME = "$(TARGET_NAME)";
				SWIFT_VERSION = 5.0;
				TARGETED_DEVICE_FAMILY = "1,2";
			};
			name = Release;
		};
/* End XCBuildConfiguration section */

/* Begin XCConfigurationList section */
		975C25E123DEBCEF005847FF /* Build configuration list for PBXProject "Kabetsu" */ = {
			isa = XCConfigurationList;
			buildConfigurations = (
				975C25F823DEBCF1005847FF /* Debug */,
				975C25F923DEBCF1005847FF /* Release */,
			);
			defaultConfigurationIsVisible = 0;
			defaultConfigurationName = Release;
		};
		975C25FA23DEBCF1005847FF /* Build configuration list for PBXNativeTarget "Kabetsu" */ = {
			isa = XCConfigurationList;
			buildConfigurations = (
				975C25FB23DEBCF1005847FF /* Debug */,
				975C25FC23DEBCF1005847FF /* Release */,
			);
			defaultConfigurationIsVisible = 0;
			defaultConfigurationName = Release;
		};
/* End XCConfigurationList section */
	};
	rootObject = 975C25DE23DEBCEF005847FF /* Project object */;
}
