// !$*UTF8*$!
{
	archiveVersion = 1;
	classes = {
	};
	objectVersion = 50;
	objects = {

/* Begin PBXBuildFile section */
		975C25EA23DEBCEF005847FF /* AppDelegate.swift in Sources */ = {isa = PBXBuildFile; fileRef = 975C25E923DEBCEF005847FF /* AppDelegate.swift */; };
		975C25EC23DEBCEF005847FF /* SceneDelegate.swift in Sources */ = {isa = PBXBuildFile; fileRef = 975C25EB23DEBCEF005847FF /* SceneDelegate.swift */; };
		975C25EE23DEBCEF005847FF /* TimersListVC.swift in Sources */ = {isa = PBXBuildFile; fileRef = 975C25ED23DEBCEF005847FF /* TimersListVC.swift */; };
		975C25F323DEBCF1005847FF /* Assets.xcassets in Resources */ = {isa = PBXBuildFile; fileRef = 975C25F223DEBCF1005847FF /* Assets.xcassets */; };
		975C25F623DEBCF1005847FF /* LaunchScreen.storyboard in Resources */ = {isa = PBXBuildFile; fileRef = 975C25F423DEBCF1005847FF /* LaunchScreen.storyboard */; };
		975C260023DEC493005847FF /* TimerCell.swift in Sources */ = {isa = PBXBuildFile; fileRef = 975C25FE23DEC493005847FF /* TimerCell.swift */; };
		975C260123DEC493005847FF /* KBTDigitalDisplayLabel.swift in Sources */ = {isa = PBXBuildFile; fileRef = 975C25FF23DEC493005847FF /* KBTDigitalDisplayLabel.swift */; };
		975C260623DFA8C5005847FF /* TimerTask.swift in Sources */ = {isa = PBXBuildFile; fileRef = 975C260523DFA8C5005847FF /* TimerTask.swift */; };
		975C260923DFBC2B005847FF /* TimersList.swift in Sources */ = {isa = PBXBuildFile; fileRef = 975C260823DFBC2B005847FF /* TimersList.swift */; };
		975C260B23DFF6F4005847FF /* UIHelpers.swift in Sources */ = {isa = PBXBuildFile; fileRef = 975C260A23DFF6F4005847FF /* UIHelpers.swift */; };
		975D929C23E100AD000CE57D /* TimerVC.swift in Sources */ = {isa = PBXBuildFile; fileRef = 975D929B23E100AD000CE57D /* TimerVC.swift */; };
		975D929E23E160EF000CE57D /* KBTButton.swift in Sources */ = {isa = PBXBuildFile; fileRef = 975D929D23E160EF000CE57D /* KBTButton.swift */; };
		975D92A223E2957C000CE57D /* KBTCircularButton.swift in Sources */ = {isa = PBXBuildFile; fileRef = 975D92A123E2957C000CE57D /* KBTCircularButton.swift */; };
		975D92A623E401AC000CE57D /* Settings.swift in Sources */ = {isa = PBXBuildFile; fileRef = 975D92A523E401AC000CE57D /* Settings.swift */; };
		975D92B523EBD78F000CE57D /* AddNewTimerVC.swift in Sources */ = {isa = PBXBuildFile; fileRef = 975D92B423EBD78F000CE57D /* AddNewTimerVC.swift */; };
/* End PBXBuildFile section */

/* Begin PBXFileReference section */
		975C25E623DEBCEF005847FF /* Kabetsu.app */ = {isa = PBXFileReference; explicitFileType = wrapper.application; includeInIndex = 0; path = Kabetsu.app; sourceTree = BUILT_PRODUCTS_DIR; };
		975C25E923DEBCEF005847FF /* AppDelegate.swift */ = {isa = PBXFileReference; lastKnownFileType = sourcecode.swift; path = AppDelegate.swift; sourceTree = "<group>"; };
		975C25EB23DEBCEF005847FF /* SceneDelegate.swift */ = {isa = PBXFileReference; lastKnownFileType = sourcecode.swift; path = SceneDelegate.swift; sourceTree = "<group>"; };
		975C25ED23DEBCEF005847FF /* TimersListVC.swift */ = {isa = PBXFileReference; lastKnownFileType = sourcecode.swift; path = TimersListVC.swift; sourceTree = "<group>"; };
		975C25F223DEBCF1005847FF /* Assets.xcassets */ = {isa = PBXFileReference; lastKnownFileType = folder.assetcatalog; path = Assets.xcassets; sourceTree = "<group>"; };
		975C25F523DEBCF1005847FF /* Base */ = {isa = PBXFileReference; lastKnownFileType = file.storyboard; name = Base; path = Base.lproj/LaunchScreen.storyboard; sourceTree = "<group>"; };
		975C25F723DEBCF1005847FF /* Info.plist */ = {isa = PBXFileReference; lastKnownFileType = text.plist.xml; path = Info.plist; sourceTree = "<group>"; };
		975C25FE23DEC493005847FF /* TimerCell.swift */ = {isa = PBXFileReference; fileEncoding = 4; lastKnownFileType = sourcecode.swift; path = TimerCell.swift; sourceTree = "<group>"; };
		975C25FF23DEC493005847FF /* KBTDigitalDisplayLabel.swift */ = {isa = PBXFileReference; fileEncoding = 4; lastKnownFileType = sourcecode.swift; path = KBTDigitalDisplayLabel.swift; sourceTree = "<group>"; };
		975C260523DFA8C5005847FF /* TimerTask.swift */ = {isa = PBXFileReference; lastKnownFileType = sourcecode.swift; path = TimerTask.swift; sourceTree = "<group>"; };
		975C260823DFBC2B005847FF /* TimersList.swift */ = {isa = PBXFileReference; lastKnownFileType = sourcecode.swift; path = TimersList.swift; sourceTree = "<group>"; };
		975C260A23DFF6F4005847FF /* UIHelpers.swift */ = {isa = PBXFileReference; lastKnownFileType = sourcecode.swift; path = UIHelpers.swift; sourceTree = "<group>"; };
		975D929B23E100AD000CE57D /* TimerVC.swift */ = {isa = PBXFileReference; lastKnownFileType = sourcecode.swift; path = TimerVC.swift; sourceTree = "<group>"; };
		975D929D23E160EF000CE57D /* KBTButton.swift */ = {isa = PBXFileReference; lastKnownFileType = sourcecode.swift; path = KBTButton.swift; sourceTree = "<group>"; };
		975D92A123E2957C000CE57D /* KBTCircularButton.swift */ = {isa = PBXFileReference; lastKnownFileType = sourcecode.swift; path = KBTCircularButton.swift; sourceTree = "<group>"; };
		975D92A523E401AC000CE57D /* Settings.swift */ = {isa = PBXFileReference; lastKnownFileType = sourcecode.swift; path = Settings.swift; sourceTree = "<group>"; };
		975D92B423EBD78F000CE57D /* AddNewTimerVC.swift */ = {isa = PBXFileReference; lastKnownFileType = sourcecode.swift; path = AddNewTimerVC.swift; sourceTree = "<group>"; };
/* End PBXFileReference section */

/* Begin PBXFrameworksBuildPhase section */
		975C25E323DEBCEF005847FF /* Frameworks */ = {
			isa = PBXFrameworksBuildPhase;
			buildActionMask = 2147483647;
			files = (
			);
			runOnlyForDeploymentPostprocessing = 0;
		};
/* End PBXFrameworksBuildPhase section */

/* Begin PBXGroup section */
		975C25DD23DEBCEF005847FF = {
			isa = PBXGroup;
			children = (
				975C25E823DEBCEF005847FF /* Kabetsu */,
				975C25E723DEBCEF005847FF /* Products */,
			);
			sourceTree = "<group>";
		};
		975C25E723DEBCEF005847FF /* Products */ = {
			isa = PBXGroup;
			children = (
				975C25E623DEBCEF005847FF /* Kabetsu.app */,
			);
			name = Products;
			sourceTree = "<group>";
		};
		975C25E823DEBCEF005847FF /* Kabetsu */ = {
			isa = PBXGroup;
			children = (
				975C260C23DFF716005847FF /* Utilities */,
				975C260723DFBBEF005847FF /* Screens */,
				975C260423DFA884005847FF /* Model */,
				975C260223DEC49A005847FF /* CustomUI */,
				975C25FD23DEBD8E005847FF /* SupportingFiles */,
				975C25F223DEBCF1005847FF /* Assets.xcassets */,
				975C25F723DEBCF1005847FF /* Info.plist */,
			);
			path = Kabetsu;
			sourceTree = "<group>";
		};
		975C25FD23DEBD8E005847FF /* SupportingFiles */ = {
			isa = PBXGroup;
			children = (
				975C25F423DEBCF1005847FF /* LaunchScreen.storyboard */,
				975C25E923DEBCEF005847FF /* AppDelegate.swift */,
				975C25EB23DEBCEF005847FF /* SceneDelegate.swift */,
			);
			path = SupportingFiles;
			sourceTree = "<group>";
		};
		975C260223DEC49A005847FF /* CustomUI */ = {
			isa = PBXGroup;
			children = (
				975D92A423E295E7000CE57D /* Labels */,
				975D92A323E295D2000CE57D /* Buttons */,
				975C260323DEC4AC005847FF /* Cells */,
			);
			path = CustomUI;
			sourceTree = "<group>";
		};
		975C260323DEC4AC005847FF /* Cells */ = {
			isa = PBXGroup;
			children = (
				975C25FE23DEC493005847FF /* TimerCell.swift */,
			);
			path = Cells;
			sourceTree = "<group>";
		};
		975C260423DFA884005847FF /* Model */ = {
			isa = PBXGroup;
			children = (
				975C260823DFBC2B005847FF /* TimersList.swift */,
				975C260523DFA8C5005847FF /* TimerTask.swift */,
				975D92A523E401AC000CE57D /* Settings.swift */,
			);
			path = Model;
			sourceTree = "<group>";
		};
		975C260723DFBBEF005847FF /* Screens */ = {
			isa = PBXGroup;
			children = (
				975C25ED23DEBCEF005847FF /* TimersListVC.swift */,
				975D929B23E100AD000CE57D /* TimerVC.swift */,
				975D92B423EBD78F000CE57D /* AddNewTimerVC.swift */,
			);
			path = Screens;
			sourceTree = "<group>";
		};
		975C260C23DFF716005847FF /* Utilities */ = {
			isa = PBXGroup;
			children = (
				975C260A23DFF6F4005847FF /* UIHelpers.swift */,
			);
			path = Utilities;
			sourceTree = "<group>";
		};
		975D92A323E295D2000CE57D /* Buttons */ = {
			isa = PBXGroup;
			children = (
				975D929D23E160EF000CE57D /* KBTButton.swift */,
				975D92A123E2957C000CE57D /* KBTCircularButton.swift */,
			);
			path = Buttons;
			sourceTree = "<group>";
		};
		975D92A423E295E7000CE57D /* Labels */ = {
			isa = PBXGroup;
			children = (
				975C25FF23DEC493005847FF /* KBTDigitalDisplayLabel.swift */,
			);
			path = Labels;
			sourceTree = "<group>";
		};
/* End PBXGroup section */

/* Begin PBXNativeTarget section */
		975C25E523DEBCEF005847FF /* Kabetsu */ = {
			isa = PBXNativeTarget;
			buildConfigurationList = 975C25FA23DEBCF1005847FF /* Build configuration list for PBXNativeTarget "Kabetsu" */;
			buildPhases = (
				975C25E223DEBCEF005847FF /* Sources */,
				975C25E323DEBCEF005847FF /* Frameworks */,
				975C25E423DEBCEF005847FF /* Resources */,
			);
			buildRules = (
			);
			dependencies = (
			);
			name = Kabetsu;
			productName = Kabetsu;
			productReference = 975C25E623DEBCEF005847FF /* Kabetsu.app */;
			productType = "com.apple.product-type.application";
		};
/* End PBXNativeTarget section */

/* Begin PBXProject section */
		975C25DE23DEBCEF005847FF /* Project object */ = {
			isa = PBXProject;
			attributes = {
				LastSwiftUpdateCheck = 1130;
				LastUpgradeCheck = 1130;
				ORGANIZATIONNAME = "Hai Long Danny Thi";
				TargetAttributes = {
					975C25E523DEBCEF005847FF = {
						CreatedOnToolsVersion = 11.3.1;
					};
				};
			};
			buildConfigurationList = 975C25E123DEBCEF005847FF /* Build configuration list for PBXProject "Kabetsu" */;
			compatibilityVersion = "Xcode 9.3";
			developmentRegion = en;
			hasScannedForEncodings = 0;
			knownRegions = (
				en,
				Base,
			);
			mainGroup = 975C25DD23DEBCEF005847FF;
			productRefGroup = 975C25E723DEBCEF005847FF /* Products */;
			projectDirPath = "";
			projectRoot = "";
			targets = (
				975C25E523DEBCEF005847FF /* Kabetsu */,
			);
		};
/* End PBXProject section */

/* Begin PBXResourcesBuildPhase section */
		975C25E423DEBCEF005847FF /* Resources */ = {
			isa = PBXResourcesBuildPhase;
			buildActionMask = 2147483647;
			files = (
				975C25F623DEBCF1005847FF /* LaunchScreen.storyboard in Resources */,
				975C25F323DEBCF1005847FF /* Assets.xcassets in Resources */,
			);
			runOnlyForDeploymentPostprocessing = 0;
		};
/* End PBXResourcesBuildPhase section */

/* Begin PBXSourcesBuildPhase section */
		975C25E223DEBCEF005847FF /* Sources */ = {
			isa = PBXSourcesBuildPhase;
			buildActionMask = 2147483647;
			files = (
				975D92B523EBD78F000CE57D /* AddNewTimerVC.swift in Sources */,
				975C260623DFA8C5005847FF /* TimerTask.swift in Sources */,
				975C260123DEC493005847FF /* KBTDigitalDisplayLabel.swift in Sources */,
				975C260923DFBC2B005847FF /* TimersList.swift in Sources */,
				975C260B23DFF6F4005847FF /* UIHelpers.swift in Sources */,
				975D929C23E100AD000CE57D /* TimerVC.swift in Sources */,
				975C25EE23DEBCEF005847FF /* TimersListVC.swift in Sources */,
				975D92A623E401AC000CE57D /* Settings.swift in Sources */,
				975C260023DEC493005847FF /* TimerCell.swift in Sources */,
				975C25EA23DEBCEF005847FF /* AppDelegate.swift in Sources */,
				975C25EC23DEBCEF005847FF /* SceneDelegate.swift in Sources */,
				975D929E23E160EF000CE57D /* KBTButton.swift in Sources */,
				975D92A223E2957C000CE57D /* KBTCircularButton.swift in Sources */,
			);
			runOnlyForDeploymentPostprocessing = 0;
		};
/* End PBXSourcesBuildPhase section */

/* Begin PBXVariantGroup section */
		975C25F423DEBCF1005847FF /* LaunchScreen.storyboard */ = {
			isa = PBXVariantGroup;
			children = (
				975C25F523DEBCF1005847FF /* Base */,
			);
			name = LaunchScreen.storyboard;
			sourceTree = "<group>";
		};
/* End PBXVariantGroup section */

/* Begin XCBuildConfiguration section */
		975C25F823DEBCF1005847FF /* Debug */ = {
			isa = XCBuildConfiguration;
			buildSettings = {
				ALWAYS_SEARCH_USER_PATHS = NO;
				CLANG_ANALYZER_NONNULL = YES;
				CLANG_ANALYZER_NUMBER_OBJECT_CONVERSION = YES_AGGRESSIVE;
				CLANG_CXX_LANGUAGE_STANDARD = "gnu++14";
				CLANG_CXX_LIBRARY = "libc++";
				CLANG_ENABLE_MODULES = YES;
				CLANG_ENABLE_OBJC_ARC = YES;
				CLANG_ENABLE_OBJC_WEAK = YES;
				CLANG_WARN_BLOCK_CAPTURE_AUTORELEASING = YES;
				CLANG_WARN_BOOL_CONVERSION = YES;
				CLANG_WARN_COMMA = YES;
				CLANG_WARN_CONSTANT_CONVERSION = YES;
				CLANG_WARN_DEPRECATED_OBJC_IMPLEMENTATIONS = YES;
				CLANG_WARN_DIRECT_OBJC_ISA_USAGE = YES_ERROR;
				CLANG_WARN_DOCUMENTATION_COMMENTS = YES;
				CLANG_WARN_EMPTY_BODY = YES;
				CLANG_WARN_ENUM_CONVERSION = YES;
				CLANG_WARN_INFINITE_RECURSION = YES;
				CLANG_WARN_INT_CONVERSION = YES;
				CLANG_WARN_NON_LITERAL_NULL_CONVERSION = YES;
				CLANG_WARN_OBJC_IMPLICIT_RETAIN_SELF = YES;
				CLANG_WARN_OBJC_LITERAL_CONVERSION = YES;
				CLANG_WARN_OBJC_ROOT_CLASS = YES_ERROR;
				CLANG_WARN_RANGE_LOOP_ANALYSIS = YES;
				CLANG_WARN_STRICT_PROTOTYPES = YES;
				CLANG_WARN_SUSPICIOUS_MOVE = YES;
				CLANG_WARN_UNGUARDED_AVAILABILITY = YES_AGGRESSIVE;
				CLANG_WARN_UNREACHABLE_CODE = YES;
				CLANG_WARN__DUPLICATE_METHOD_MATCH = YES;
				COPY_PHASE_STRIP = NO;
				DEBUG_INFORMATION_FORMAT = dwarf;
				ENABLE_STRICT_OBJC_MSGSEND = YES;
				ENABLE_TESTABILITY = YES;
				GCC_C_LANGUAGE_STANDARD = gnu11;
				GCC_DYNAMIC_NO_PIC = NO;
				GCC_NO_COMMON_BLOCKS = YES;
				GCC_OPTIMIZATION_LEVEL = 0;
				GCC_PREPROCESSOR_DEFINITIONS = (
					"DEBUG=1",
					"$(inherited)",
				);
				GCC_WARN_64_TO_32_BIT_CONVERSION = YES;
				GCC_WARN_ABOUT_RETURN_TYPE = YES_ERROR;
				GCC_WARN_UNDECLARED_SELECTOR = YES;
				GCC_WARN_UNINITIALIZED_AUTOS = YES_AGGRESSIVE;
				GCC_WARN_UNUSED_FUNCTION = YES;
				GCC_WARN_UNUSED_VARIABLE = YES;
				IPHONEOS_DEPLOYMENT_TARGET = 13.2;
				MTL_ENABLE_DEBUG_INFO = INCLUDE_SOURCE;
				MTL_FAST_MATH = YES;
				ONLY_ACTIVE_ARCH = YES;
				SDKROOT = iphoneos;
				SWIFT_ACTIVE_COMPILATION_CONDITIONS = DEBUG;
				SWIFT_OPTIMIZATION_LEVEL = "-Onone";
			};
			name = Debug;
		};
		975C25F923DEBCF1005847FF /* Release */ = {
			isa = XCBuildConfiguration;
			buildSettings = {
				ALWAYS_SEARCH_USER_PATHS = NO;
				CLANG_ANALYZER_NONNULL = YES;
				CLANG_ANALYZER_NUMBER_OBJECT_CONVERSION = YES_AGGRESSIVE;
				CLANG_CXX_LANGUAGE_STANDARD = "gnu++14";
				CLANG_CXX_LIBRARY = "libc++";
				CLANG_ENABLE_MODULES = YES;
				CLANG_ENABLE_OBJC_ARC = YES;
				CLANG_ENABLE_OBJC_WEAK = YES;
				CLANG_WARN_BLOCK_CAPTURE_AUTORELEASING = YES;
				CLANG_WARN_BOOL_CONVERSION = YES;
				CLANG_WARN_COMMA = YES;
				CLANG_WARN_CONSTANT_CONVERSION = YES;
				CLANG_WARN_DEPRECATED_OBJC_IMPLEMENTATIONS = YES;
				CLANG_WARN_DIRECT_OBJC_ISA_USAGE = YES_ERROR;
				CLANG_WARN_DOCUMENTATION_COMMENTS = YES;
				CLANG_WARN_EMPTY_BODY = YES;
				CLANG_WARN_ENUM_CONVERSION = YES;
				CLANG_WARN_INFINITE_RECURSION = YES;
				CLANG_WARN_INT_CONVERSION = YES;
				CLANG_WARN_NON_LITERAL_NULL_CONVERSION = YES;
				CLANG_WARN_OBJC_IMPLICIT_RETAIN_SELF = YES;
				CLANG_WARN_OBJC_LITERAL_CONVERSION = YES;
				CLANG_WARN_OBJC_ROOT_CLASS = YES_ERROR;
				CLANG_WARN_RANGE_LOOP_ANALYSIS = YES;
				CLANG_WARN_STRICT_PROTOTYPES = YES;
				CLANG_WARN_SUSPICIOUS_MOVE = YES;
				CLANG_WARN_UNGUARDED_AVAILABILITY = YES_AGGRESSIVE;
				CLANG_WARN_UNREACHABLE_CODE = YES;
				CLANG_WARN__DUPLICATE_METHOD_MATCH = YES;
				COPY_PHASE_STRIP = NO;
				DEBUG_INFORMATION_FORMAT = "dwarf-with-dsym";
				ENABLE_NS_ASSERTIONS = NO;
				ENABLE_STRICT_OBJC_MSGSEND = YES;
				GCC_C_LANGUAGE_STANDARD = gnu11;
				GCC_NO_COMMON_BLOCKS = YES;
				GCC_WARN_64_TO_32_BIT_CONVERSION = YES;
				GCC_WARN_ABOUT_RETURN_TYPE = YES_ERROR;
				GCC_WARN_UNDECLARED_SELECTOR = YES;
				GCC_WARN_UNINITIALIZED_AUTOS = YES_AGGRESSIVE;
				GCC_WARN_UNUSED_FUNCTION = YES;
				GCC_WARN_UNUSED_VARIABLE = YES;
				IPHONEOS_DEPLOYMENT_TARGET = 13.2;
				MTL_ENABLE_DEBUG_INFO = NO;
				MTL_FAST_MATH = YES;
				SDKROOT = iphoneos;
				SWIFT_COMPILATION_MODE = wholemodule;
				SWIFT_OPTIMIZATION_LEVEL = "-O";
				VALIDATE_PRODUCT = YES;
			};
			name = Release;
		};
		975C25FB23DEBCF1005847FF /* Debug */ = {
			isa = XCBuildConfiguration;
			buildSettings = {
				ASSETCATALOG_COMPILER_APPICON_NAME = AppIcon;
				CODE_SIGN_STYLE = Automatic;
				DEVELOPMENT_TEAM = SE8477RD2K;
				INFOPLIST_FILE = Kabetsu/Info.plist;
				LD_RUNPATH_SEARCH_PATHS = (
					"$(inherited)",
					"@executable_path/Frameworks",
				);
				PRODUCT_BUNDLE_IDENTIFIER = com.HaiLongDannyThi.Kabetsu;
				PRODUCT_NAME = "$(TARGET_NAME)";
				SWIFT_VERSION = 5.0;
				TARGETED_DEVICE_FAMILY = "1,2";
			};
			name = Debug;
		};
		975C25FC23DEBCF1005847FF /* Release */ = {
			isa = XCBuildConfiguration;
			buildSettings = {
				ASSETCATALOG_COMPILER_APPICON_NAME = AppIcon;
				CODE_SIGN_STYLE = Automatic;
				DEVELOPMENT_TEAM = SE8477RD2K;
				INFOPLIST_FILE = Kabetsu/Info.plist;
				LD_RUNPATH_SEARCH_PATHS = (
					"$(inherited)",
					"@executable_path/Frameworks",
				);
				PRODUCT_BUNDLE_IDENTIFIER = com.HaiLongDannyThi.Kabetsu;
				PRODUCT_NAME = "$(TARGET_NAME)";
				SWIFT_VERSION = 5.0;
				TARGETED_DEVICE_FAMILY = "1,2";
			};
			name = Release;
		};
/* End XCBuildConfiguration section */

/* Begin XCConfigurationList section */
		975C25E123DEBCEF005847FF /* Build configuration list for PBXProject "Kabetsu" */ = {
			isa = XCConfigurationList;
			buildConfigurations = (
				975C25F823DEBCF1005847FF /* Debug */,
				975C25F923DEBCF1005847FF /* Release */,
			);
			defaultConfigurationIsVisible = 0;
			defaultConfigurationName = Release;
		};
		975C25FA23DEBCF1005847FF /* Build configuration list for PBXNativeTarget "Kabetsu" */ = {
			isa = XCConfigurationList;
			buildConfigurations = (
				975C25FB23DEBCF1005847FF /* Debug */,
				975C25FC23DEBCF1005847FF /* Release */,
			);
			defaultConfigurationIsVisible = 0;
			defaultConfigurationName = Release;
		};
/* End XCConfigurationList section */
	};
	rootObject = 975C25DE23DEBCEF005847FF /* Project object */;
}
